
Microsoft Visual Studio Solution File, Format Version 12.00
# Visual Studio Version 17
VisualStudioVersion = 17.5.33530.505
MinimumVisualStudioVersion = 10.0.40219.1
Project("{FAE04EC0-301F-11D3-BF4B-00C04F79EFBC}") = "Password_check", "Password_check\Password_check.csproj", "{DE248819-6801-48DE-AC1C-8EA39AB3547B}"
EndProject
Global
	GlobalSection(SolutionConfigurationPlatforms) = preSolution
		Debug|Any CPU = Debug|Any CPU
		Release|Any CPU = Release|Any CPU
	EndGlobalSection
	GlobalSection(ProjectConfigurationPlatforms) = postSolution
		{DE248819-6801-48DE-AC1C-8EA39AB3547B}.Debug|Any CPU.ActiveCfg = Debug|Any CPU
		{DE248819-6801-48DE-AC1C-8EA39AB3547B}.Debug|Any CPU.Build.0 = Debug|Any CPU
		{DE248819-6801-48DE-AC1C-8EA39AB3547B}.Release|Any CPU.ActiveCfg = Release|Any CPU
		{DE248819-6801-48DE-AC1C-8EA39AB3547B}.Release|Any CPU.Build.0 = Release|Any CPU
	EndGlobalSection
	GlobalSection(SolutionProperties) = preSolution
		HideSolutionNode = FALSE
	EndGlobalSection
	GlobalSection(ExtensibilityGlobals) = postSolution
		SolutionGuid = {4DF776B8-FE23-46A6-AB61-B29AD617D76F}
	EndGlobalSection
EndGlobal
